
Microsoft Visual Studio Solution File, Format Version 12.00
# Visual Studio Version 16
VisualStudioVersion = 16.0.30011.22
MinimumVisualStudioVersion = 10.0.40219.1
Project("{FAE04EC0-301F-11D3-BF4B-00C04F79EFBC}") = "Tp3", "Tp3\Tp3.csproj", "{CE933F9E-3ACB-4F1F-9C5D-A295C0918E4E}"
EndProject
Project("{FAE04EC0-301F-11D3-BF4B-00C04F79EFBC}") = "ConsoleApp", "ConsoleApp\ConsoleApp.csproj", "{AEAEE14A-CB76-4B33-B773-18374557E8E8}"
EndProject
Global
	GlobalSection(SolutionConfigurationPlatforms) = preSolution
		Debug|Any CPU = Debug|Any CPU
		Release|Any CPU = Release|Any CPU
	EndGlobalSection
	GlobalSection(ProjectConfigurationPlatforms) = postSolution
		{CE933F9E-3ACB-4F1F-9C5D-A295C0918E4E}.Debug|Any CPU.ActiveCfg = Debug|Any CPU
		{CE933F9E-3ACB-4F1F-9C5D-A295C0918E4E}.Debug|Any CPU.Build.0 = Debug|Any CPU
		{CE933F9E-3ACB-4F1F-9C5D-A295C0918E4E}.Release|Any CPU.ActiveCfg = Release|Any CPU
		{CE933F9E-3ACB-4F1F-9C5D-A295C0918E4E}.Release|Any CPU.Build.0 = Release|Any CPU
		{AEAEE14A-CB76-4B33-B773-18374557E8E8}.Debug|Any CPU.ActiveCfg = Debug|Any CPU
		{AEAEE14A-CB76-4B33-B773-18374557E8E8}.Debug|Any CPU.Build.0 = Debug|Any CPU
		{AEAEE14A-CB76-4B33-B773-18374557E8E8}.Release|Any CPU.ActiveCfg = Release|Any CPU
		{AEAEE14A-CB76-4B33-B773-18374557E8E8}.Release|Any CPU.Build.0 = Release|Any CPU
	EndGlobalSection
	GlobalSection(SolutionProperties) = preSolution
		HideSolutionNode = FALSE
	EndGlobalSection
	GlobalSection(ExtensibilityGlobals) = postSolution
		SolutionGuid = {CD8E5F23-5AC0-46B3-AFC6-1F4EB9957CF6}
	EndGlobalSection
EndGlobal
